
Microsoft Visual Studio Solution File, Format Version 12.00
# Visual Studio Version 17
VisualStudioVersion = 17.14.36401.2 d17.14
MinimumVisualStudioVersion = 10.0.40219.1
Project("{FAE04EC0-301F-11D3-BF4B-00C04F79EFBC}") = "Podaci", "Podaci\Podaci.csproj", "{0D4C67D8-AB1A-48D3-A3C2-7137550DA73F}"
EndProject
Global
	GlobalSection(SolutionConfigurationPlatforms) = preSolution
		Debug|Any CPU = Debug|Any CPU
		Release|Any CPU = Release|Any CPU
	EndGlobalSection
	GlobalSection(ProjectConfigurationPlatforms) = postSolution
		{0D4C67D8-AB1A-48D3-A3C2-7137550DA73F}.Debug|Any CPU.ActiveCfg = Debug|Any CPU
		{0D4C67D8-AB1A-48D3-A3C2-7137550DA73F}.Debug|Any CPU.Build.0 = Debug|Any CPU
		{0D4C67D8-AB1A-48D3-A3C2-7137550DA73F}.Release|Any CPU.ActiveCfg = Release|Any CPU
		{0D4C67D8-AB1A-48D3-A3C2-7137550DA73F}.Release|Any CPU.Build.0 = Release|Any CPU
	EndGlobalSection
	GlobalSection(SolutionProperties) = preSolution
		HideSolutionNode = FALSE
	EndGlobalSection
	GlobalSection(ExtensibilityGlobals) = postSolution
		SolutionGuid = {4E4A9B10-DA19-452B-A1C3-7101B90F8314}
	EndGlobalSection
EndGlobal
