
Microsoft Visual Studio Solution File, Format Version 12.00
# Visual Studio Version 17
VisualStudioVersion = 17.14.36401.2
MinimumVisualStudioVersion = 10.0.40219.1
Project("{FAE04EC0-301F-11D3-BF4B-00C04F79EFBC}") = "TokoviPodataka", "TokoviPodataka\TokoviPodataka.csproj", "{6A4B740C-3B93-40C6-B248-68AF05D32A49}"
EndProject
Project("{FAE04EC0-301F-11D3-BF4B-00C04F79EFBC}") = "Hijerarhija Algoritama", "..\Hijerarhija Algoritama\Hijerarhija Algoritama\Hijerarhija Algoritama.csproj", "{C0BE0A86-F990-44B3-9898-35D56C23505E}"
EndProject
Project("{FAE04EC0-301F-11D3-BF4B-00C04F79EFBC}") = "TigerHash", "..\TigerHash\TigerHash\TigerHash.csproj", "{9A641461-9C5F-400B-B50A-AEA5535DC632}"
EndProject
Global
	GlobalSection(SolutionConfigurationPlatforms) = preSolution
		Debug|Any CPU = Debug|Any CPU
		Release|Any CPU = Release|Any CPU
	EndGlobalSection
	GlobalSection(ProjectConfigurationPlatforms) = postSolution
		{6A4B740C-3B93-40C6-B248-68AF05D32A49}.Debug|Any CPU.ActiveCfg = Debug|Any CPU
		{6A4B740C-3B93-40C6-B248-68AF05D32A49}.Debug|Any CPU.Build.0 = Debug|Any CPU
		{6A4B740C-3B93-40C6-B248-68AF05D32A49}.Release|Any CPU.ActiveCfg = Release|Any CPU
		{6A4B740C-3B93-40C6-B248-68AF05D32A49}.Release|Any CPU.Build.0 = Release|Any CPU
		{C0BE0A86-F990-44B3-9898-35D56C23505E}.Debug|Any CPU.ActiveCfg = Debug|Any CPU
		{C0BE0A86-F990-44B3-9898-35D56C23505E}.Debug|Any CPU.Build.0 = Debug|Any CPU
		{C0BE0A86-F990-44B3-9898-35D56C23505E}.Release|Any CPU.ActiveCfg = Release|Any CPU
		{C0BE0A86-F990-44B3-9898-35D56C23505E}.Release|Any CPU.Build.0 = Release|Any CPU
		{9A641461-9C5F-400B-B50A-AEA5535DC632}.Debug|Any CPU.ActiveCfg = Debug|Any CPU
		{9A641461-9C5F-400B-B50A-AEA5535DC632}.Debug|Any CPU.Build.0 = Debug|Any CPU
		{9A641461-9C5F-400B-B50A-AEA5535DC632}.Release|Any CPU.ActiveCfg = Release|Any CPU
		{9A641461-9C5F-400B-B50A-AEA5535DC632}.Release|Any CPU.Build.0 = Release|Any CPU
	EndGlobalSection
	GlobalSection(SolutionProperties) = preSolution
		HideSolutionNode = FALSE
	EndGlobalSection
	GlobalSection(ExtensibilityGlobals) = postSolution
		SolutionGuid = {09C8E94B-96BF-4492-AA4A-2B7389ED4927}
	EndGlobalSection
EndGlobal
